
Microsoft Visual Studio Solution File, Format Version 12.00
# Visual Studio Version 17
VisualStudioVersion = 17.7.34202.233
MinimumVisualStudioVersion = 10.0.40219.1
Project("{FAE04EC0-301F-11D3-BF4B-00C04F79EFBC}") = "Lab5_KosinovaAi", "Lab5_KosinovaAi.csproj", "{8BD68C15-8BFE-4CC0-A6F3-2CA8017ADA41}"
EndProject
Project("{FAE04EC0-301F-11D3-BF4B-00C04F79EFBC}") = "Lab5KosinovaAiTests", "..\Lab5KosinovaAiTests\Lab5KosinovaAiTests.csproj", "{297E1D28-44D4-4CF1-9B61-6A6FA3BBE573}"
EndProject
Global
	GlobalSection(SolutionConfigurationPlatforms) = preSolution
		Debug|Any CPU = Debug|Any CPU
		Release|Any CPU = Release|Any CPU
	EndGlobalSection
	GlobalSection(ProjectConfigurationPlatforms) = postSolution
		{8BD68C15-8BFE-4CC0-A6F3-2CA8017ADA41}.Debug|Any CPU.ActiveCfg = Debug|Any CPU
		{8BD68C15-8BFE-4CC0-A6F3-2CA8017ADA41}.Debug|Any CPU.Build.0 = Debug|Any CPU
		{8BD68C15-8BFE-4CC0-A6F3-2CA8017ADA41}.Release|Any CPU.ActiveCfg = Release|Any CPU
		{8BD68C15-8BFE-4CC0-A6F3-2CA8017ADA41}.Release|Any CPU.Build.0 = Release|Any CPU
		{297E1D28-44D4-4CF1-9B61-6A6FA3BBE573}.Debug|Any CPU.ActiveCfg = Debug|Any CPU
		{297E1D28-44D4-4CF1-9B61-6A6FA3BBE573}.Debug|Any CPU.Build.0 = Debug|Any CPU
		{297E1D28-44D4-4CF1-9B61-6A6FA3BBE573}.Release|Any CPU.ActiveCfg = Release|Any CPU
		{297E1D28-44D4-4CF1-9B61-6A6FA3BBE573}.Release|Any CPU.Build.0 = Release|Any CPU
	EndGlobalSection
	GlobalSection(SolutionProperties) = preSolution
		HideSolutionNode = FALSE
	EndGlobalSection
	GlobalSection(ExtensibilityGlobals) = postSolution
		SolutionGuid = {C3515EFE-8DA6-4B4F-AF6A-763BAD920611}
	EndGlobalSection
EndGlobal
